version = 1
revision = 1
requires-python = ">=3.12, <4"

[[package]]
name = "colorama"
version = "0.4.6"
source = { registry = "https://pypi.org/simple" }
sdist = { url = "https://files.pythonhosted.org/packages/d8/53/6f443c9a4a8358a93a6792e2acffb9d9d5cb0a5cfd8802644b7b1c9a02e4/colorama-0.4.6.tar.gz", hash = "sha256:08695f5cb7ed6e0531a20572697297273c47b8cae5a63ffc6d6ed5c201be6e44", size = 27697 }
wheels = [
    { url = "https://files.pythonhosted.org/packages/d1/d6/3965ed04c63042e047cb6a3e6ed1a63a35087b6a609aa3a15ed8ac56c221/colorama-0.4.6-py2.py3-none-any.whl", hash = "sha256:4f1d9991f5acc0ca119f9d443620b77f9d6b33703e51011c16baf57afb285fc6", size = 25335 },
]

[[package]]
name = "docopt"
version = "0.6.2"
source = { registry = "https://pypi.org/simple" }
sdist = { url = "https://files.pythonhosted.org/packages/a2/55/8f8cab2afd404cf578136ef2cc5dfb50baa1761b68c9da1fb1e4eed343c9/docopt-0.6.2.tar.gz", hash = "sha256:49b3a825280bd66b3aa83585ef59c4a8c82f2c8a522dbe754a8bc8d08c85c491", size = 25901 }

[[package]]
name = "doublex"
version = "1.9.6.1"
source = { registry = "https://pypi.org/simple" }
dependencies = [
    { name = "pyhamcrest" },
    { name = "six" },
]
sdist = { url = "https://files.pythonhosted.org/packages/fe/3d/0edaecbafa90c19530739467a5dd02c8ebf9968201ab1ff15537ea98422f/doublex-1.9.6.1.tar.gz", hash = "sha256:48fbc633598eb913a6eb0c4694f8c040ba57bae9653d45643a84243e0c9f3268", size = 15734 }

[[package]]
name = "doublex-expects"
version = "0.7.1"
source = { registry = "https://pypi.org/simple" }
dependencies = [
    { name = "doublex" },
    { name = "expects" },
]
sdist = { url = "https://files.pythonhosted.org/packages/ce/e8/677f10ca523396283343a478265fbeb84e12a84406f5e6ec8b3b7d448982/doublex-expects-0.7.1.tar.gz", hash = "sha256:8040682d97f0a66f632c5df982f78d09aee36b2c4a1eb275b0c596d115f200aa", size = 6636 }

[[package]]
name = "execnet"
version = "2.1.1"
source = { registry = "https://pypi.org/simple" }
sdist = { url = "https://files.pythonhosted.org/packages/bb/ff/b4c0dc78fbe20c3e59c0c7334de0c27eb4001a2b2017999af398bf730817/execnet-2.1.1.tar.gz", hash = "sha256:5189b52c6121c24feae288166ab41b32549c7e2348652736540b9e6e7d4e72e3", size = 166524 }
wheels = [
    { url = "https://files.pythonhosted.org/packages/43/09/2aea36ff60d16dd8879bdb2f5b3ee0ba8d08cbbdcdfe870e695ce3784385/execnet-2.1.1-py3-none-any.whl", hash = "sha256:26dee51f1b80cebd6d0ca8e74dd8745419761d3bef34163928cbebbdc4749fdc", size = 40612 },
]

[[package]]
name = "expects"
version = "0.9.0"
source = { registry = "https://pypi.org/simple" }
sdist = { url = "https://files.pythonhosted.org/packages/86/9a/4944ecc222f24d18e8d2819800472ffc2668e52986afd5c7bc41ecaf897b/expects-0.9.0.tar.gz", hash = "sha256:419902ccafe81b7e9559eeb6b7a07ef9d5c5604eddb93000f0642b3b2d594f4c", size = 27901 }

[[package]]
name = "iniconfig"
version = "2.0.0"
source = { registry = "https://pypi.org/simple" }
sdist = { url = "https://files.pythonhosted.org/packages/d7/4b/cbd8e699e64a6f16ca3a8220661b5f83792b3017d0f79807cb8708d33913/iniconfig-2.0.0.tar.gz", hash = "sha256:2d91e135bf72d31a410b17c16da610a82cb55f6b0477d1a902134b24a455b8b3", size = 4646 }
wheels = [
    { url = "https://files.pythonhosted.org/packages/ef/a6/62565a6e1cf69e10f5727360368e451d4b7f58beeac6173dc9db836a5b46/iniconfig-2.0.0-py3-none-any.whl", hash = "sha256:b6a85871a79d2e3b22d2d1b94ac2824226a63c6b741c88f7ae975f18b6778374", size = 5892 },
]

[[package]]
name = "packaging"
version = "24.1"
source = { registry = "https://pypi.org/simple" }
sdist = { url = "https://files.pythonhosted.org/packages/51/65/50db4dda066951078f0a96cf12f4b9ada6e4b811516bf0262c0f4f7064d4/packaging-24.1.tar.gz", hash = "sha256:026ed72c8ed3fcce5bf8950572258698927fd1dbda10a5e981cdf0ac37f4f002", size = 148788 }
wheels = [
    { url = "https://files.pythonhosted.org/packages/08/aa/cc0199a5f0ad350994d660967a8efb233fe0416e4639146c089643407ce6/packaging-24.1-py3-none-any.whl", hash = "sha256:5b8f2217dbdbd2f7f384c41c628544e6d52f2d0f53c6d0c3ea61aa5d1d7ff124", size = 53985 },
]

[[package]]
name = "pluggy"
version = "1.5.0"
source = { registry = "https://pypi.org/simple" }
sdist = { url = "https://files.pythonhosted.org/packages/96/2d/02d4312c973c6050a18b314a5ad0b3210edb65a906f868e31c111dede4a6/pluggy-1.5.0.tar.gz", hash = "sha256:2cffa88e94fdc978c4c574f15f9e59b7f4201d439195c3715ca9e2486f1d0cf1", size = 67955 }
wheels = [
    { url = "https://files.pythonhosted.org/packages/88/5f/e351af9a41f866ac3f1fac4ca0613908d9a41741cfcf2228f4ad853b697d/pluggy-1.5.0-py3-none-any.whl", hash = "sha256:44e1ad92c8ca002de6377e165f3e0f1be63266ab4d554740532335b9d75ea669", size = 20556 },
]

[[package]]
name = "pyhamcrest"
version = "2.1.0"
source = { registry = "https://pypi.org/simple" }
sdist = { url = "https://files.pythonhosted.org/packages/16/3f/f286caba4e64391a8dc9200e6de6ce0d07471e3f718248c3276843b7793b/pyhamcrest-2.1.0.tar.gz", hash = "sha256:c6acbec0923d0cb7e72c22af1926f3e7c97b8e8d69fc7498eabacaf7c975bd9c", size = 60538 }
wheels = [
    { url = "https://files.pythonhosted.org/packages/0c/71/1b25d3797a24add00f6f8c1bb0ac03a38616e2ec6606f598c1d50b0b0ffb/pyhamcrest-2.1.0-py3-none-any.whl", hash = "sha256:f6913d2f392e30e0375b3ecbd7aee79e5d1faa25d345c8f4ff597665dcac2587", size = 54555 },
]

[[package]]
name = "pytest"
version = "8.3.5"
source = { registry = "https://pypi.org/simple" }
dependencies = [
    { name = "colorama", marker = "sys_platform == 'win32'" },
    { name = "iniconfig" },
    { name = "packaging" },
    { name = "pluggy" },
]
sdist = { url = "https://files.pythonhosted.org/packages/ae/3c/c9d525a414d506893f0cd8a8d0de7706446213181570cdbd766691164e40/pytest-8.3.5.tar.gz", hash = "sha256:f4efe70cc14e511565ac476b57c279e12a855b11f48f212af1080ef2263d3845", size = 1450891 }
wheels = [
    { url = "https://files.pythonhosted.org/packages/30/3d/64ad57c803f1fa1e963a7946b6e0fea4a70df53c1a7fed304586539c2bac/pytest-8.3.5-py3-none-any.whl", hash = "sha256:c69214aa47deac29fad6c2a4f590b9c4a9fdb16a403176fe154b79c0b4d4d820", size = 343634 },
]

[[package]]
name = "pytest-watch"
version = "4.2.0"
source = { registry = "https://pypi.org/simple" }
dependencies = [
    { name = "colorama" },
    { name = "docopt" },
    { name = "pytest" },
    { name = "watchdog" },
]
sdist = { url = "https://files.pythonhosted.org/packages/36/47/ab65fc1d682befc318c439940f81a0de1026048479f732e84fe714cd69c0/pytest-watch-4.2.0.tar.gz", hash = "sha256:06136f03d5b361718b8d0d234042f7b2f203910d8568f63df2f866b547b3d4b9", size = 16340 }

[[package]]
name = "pytest-xdist"
version = "3.6.1"
source = { registry = "https://pypi.org/simple" }
dependencies = [
    { name = "execnet" },
    { name = "pytest" },
]
sdist = { url = "https://files.pythonhosted.org/packages/41/c4/3c310a19bc1f1e9ef50075582652673ef2bfc8cd62afef9585683821902f/pytest_xdist-3.6.1.tar.gz", hash = "sha256:ead156a4db231eec769737f57668ef58a2084a34b2e55c4a8fa20d861107300d", size = 84060 }
wheels = [
    { url = "https://files.pythonhosted.org/packages/6d/82/1d96bf03ee4c0fdc3c0cbe61470070e659ca78dc0086fb88b66c185e2449/pytest_xdist-3.6.1-py3-none-any.whl", hash = "sha256:9ed4adfb68a016610848639bb7e02c9352d5d9f03d04809919e2dafc3be4cca7", size = 46108 },
]

[[package]]
name = "python-boilerplate"
version = "0.1.0"
source = { virtual = "." }

[package.dev-dependencies]
test = [
    { name = "doublex" },
    { name = "doublex-expects" },
    { name = "expects" },
    { name = "pytest" },
    { name = "pytest-watch" },
    { name = "pytest-xdist" },
    { name = "ruff" },
    { name = "ty" },
]

[package.metadata]

[package.metadata.requires-dev]
test = [
    { name = "doublex", specifier = ">=1.9.6.1" },
    { name = "doublex-expects", specifier = ">=0.7.1" },
    { name = "expects", specifier = ">=0.9.0" },
    { name = "pytest", specifier = ">=7.4.4" },
    { name = "pytest-watch", specifier = ">=4.2.0" },
    { name = "pytest-xdist", specifier = ">=3.6.1" },
    { name = "ruff", specifier = ">=0.2" },
    { name = "ty", specifier = ">=0.0.1a6" },
]

[[package]]
name = "ruff"
version = "0.11.5"
source = { registry = "https://pypi.org/simple" }
sdist = { url = "https://files.pythonhosted.org/packages/45/71/5759b2a6b2279bb77fe15b1435b89473631c2cd6374d45ccdb6b785810be/ruff-0.11.5.tar.gz", hash = "sha256:cae2e2439cb88853e421901ec040a758960b576126dab520fa08e9de431d1bef", size = 3976488 }
wheels = [
    { url = "https://files.pythonhosted.org/packages/23/db/6efda6381778eec7f35875b5cbefd194904832a1153d68d36d6b269d81a8/ruff-0.11.5-py3-none-linux_armv6l.whl", hash = "sha256:2561294e108eb648e50f210671cc56aee590fb6167b594144401532138c66c7b", size = 10103150 },
    { url = "https://files.pythonhosted.org/packages/44/f2/06cd9006077a8db61956768bc200a8e52515bf33a8f9b671ee527bb10d77/ruff-0.11.5-py3-none-macosx_10_12_x86_64.whl", hash = "sha256:ac12884b9e005c12d0bd121f56ccf8033e1614f736f766c118ad60780882a077", size = 10898637 },
    { url = "https://files.pythonhosted.org/packages/18/f5/af390a013c56022fe6f72b95c86eb7b2585c89cc25d63882d3bfe411ecf1/ruff-0.11.5-py3-none-macosx_11_0_arm64.whl", hash = "sha256:4bfd80a6ec559a5eeb96c33f832418bf0fb96752de0539905cf7b0cc1d31d779", size = 10236012 },
    { url = "https://files.pythonhosted.org/packages/b8/ca/b9bf954cfed165e1a0c24b86305d5c8ea75def256707f2448439ac5e0d8b/ruff-0.11.5-py3-none-manylinux_2_17_aarch64.manylinux2014_aarch64.whl", hash = "sha256:0947c0a1afa75dcb5db4b34b070ec2bccee869d40e6cc8ab25aca11a7d527794", size = 10415338 },
    { url = "https://files.pythonhosted.org/packages/d9/4d/2522dde4e790f1b59885283f8786ab0046958dfd39959c81acc75d347467/ruff-0.11.5-py3-none-manylinux_2_17_armv7l.manylinux2014_armv7l.whl", hash = "sha256:ad871ff74b5ec9caa66cb725b85d4ef89b53f8170f47c3406e32ef040400b038", size = 9965277 },
    { url = "https://files.pythonhosted.org/packages/e5/7a/749f56f150eef71ce2f626a2f6988446c620af2f9ba2a7804295ca450397/ruff-0.11.5-py3-none-manylinux_2_17_i686.manylinux2014_i686.whl", hash = "sha256:e6cf918390cfe46d240732d4d72fa6e18e528ca1f60e318a10835cf2fa3dc19f", size = 11541614 },
    { url = "https://files.pythonhosted.org/packages/89/b2/7d9b8435222485b6aac627d9c29793ba89be40b5de11584ca604b829e960/ruff-0.11.5-py3-none-manylinux_2_17_ppc64.manylinux2014_ppc64.whl", hash = "sha256:56145ee1478582f61c08f21076dc59153310d606ad663acc00ea3ab5b2125f82", size = 12198873 },
    { url = "https://files.pythonhosted.org/packages/00/e0/a1a69ef5ffb5c5f9c31554b27e030a9c468fc6f57055886d27d316dfbabd/ruff-0.11.5-py3-none-manylinux_2_17_ppc64le.manylinux2014_ppc64le.whl", hash = "sha256:e5f66f8f1e8c9fc594cbd66fbc5f246a8d91f916cb9667e80208663ec3728304", size = 11670190 },
    { url = "https://files.pythonhosted.org/packages/05/61/c1c16df6e92975072c07f8b20dad35cd858e8462b8865bc856fe5d6ccb63/ruff-0.11.5-py3-none-manylinux_2_17_s390x.manylinux2014_s390x.whl", hash = "sha256:80b4df4d335a80315ab9afc81ed1cff62be112bd165e162b5eed8ac55bfc8470", size = 13902301 },
    { url = "https://files.pythonhosted.org/packages/79/89/0af10c8af4363304fd8cb833bd407a2850c760b71edf742c18d5a87bb3ad/ruff-0.11.5-py3-none-manylinux_2_17_x86_64.manylinux2014_x86_64.whl", hash = "sha256:3068befab73620b8a0cc2431bd46b3cd619bc17d6f7695a3e1bb166b652c382a", size = 11350132 },
    { url = "https://files.pythonhosted.org/packages/b9/e1/ecb4c687cbf15164dd00e38cf62cbab238cad05dd8b6b0fc68b0c2785e15/ruff-0.11.5-py3-none-musllinux_1_2_aarch64.whl", hash = "sha256:f5da2e710a9641828e09aa98b92c9ebbc60518fdf3921241326ca3e8f8e55b8b", size = 10312937 },
    { url = "https://files.pythonhosted.org/packages/cf/4f/0e53fe5e500b65934500949361e3cd290c5ba60f0324ed59d15f46479c06/ruff-0.11.5-py3-none-musllinux_1_2_armv7l.whl", hash = "sha256:ef39f19cb8ec98cbc762344921e216f3857a06c47412030374fffd413fb8fd3a", size = 9936683 },
    { url = "https://files.pythonhosted.org/packages/04/a8/8183c4da6d35794ae7f76f96261ef5960853cd3f899c2671961f97a27d8e/ruff-0.11.5-py3-none-musllinux_1_2_i686.whl", hash = "sha256:b2a7cedf47244f431fd11aa5a7e2806dda2e0c365873bda7834e8f7d785ae159", size = 10950217 },
    { url = "https://files.pythonhosted.org/packages/26/88/9b85a5a8af21e46a0639b107fcf9bfc31da4f1d263f2fc7fbe7199b47f0a/ruff-0.11.5-py3-none-musllinux_1_2_x86_64.whl", hash = "sha256:81be52e7519f3d1a0beadcf8e974715b2dfc808ae8ec729ecfc79bddf8dbb783", size = 11404521 },
    { url = "https://files.pythonhosted.org/packages/fc/52/047f35d3b20fd1ae9ccfe28791ef0f3ca0ef0b3e6c1a58badd97d450131b/ruff-0.11.5-py3-none-win32.whl", hash = "sha256:e268da7b40f56e3eca571508a7e567e794f9bfcc0f412c4b607931d3af9c4afe", size = 10320697 },
    { url = "https://files.pythonhosted.org/packages/b9/fe/00c78010e3332a6e92762424cf4c1919065707e962232797d0b57fd8267e/ruff-0.11.5-py3-none-win_amd64.whl", hash = "sha256:6c6dc38af3cfe2863213ea25b6dc616d679205732dc0fb673356c2d69608f800", size = 11378665 },
    { url = "https://files.pythonhosted.org/packages/43/7c/c83fe5cbb70ff017612ff36654edfebec4b1ef79b558b8e5fd933bab836b/ruff-0.11.5-py3-none-win_arm64.whl", hash = "sha256:67e241b4314f4eacf14a601d586026a962f4002a475aa702c69980a38087aa4e", size = 10460287 },
]

[[package]]
name = "six"
version = "1.17.0"
source = { registry = "https://pypi.org/simple" }
sdist = { url = "https://files.pythonhosted.org/packages/94/e7/b2c673351809dca68a0e064b6af791aa332cf192da575fd474ed7d6f16a2/six-1.17.0.tar.gz", hash = "sha256:ff70335d468e7eb6ec65b95b99d3a2836546063f63acc5171de367e834932a81", size = 34031 }
wheels = [
    { url = "https://files.pythonhosted.org/packages/b7/ce/149a00dd41f10bc29e5921b496af8b574d8413afcd5e30dfa0ed46c2cc5e/six-1.17.0-py2.py3-none-any.whl", hash = "sha256:4721f391ed90541fddacab5acf947aa0d3dc7d27b2e1e8eda2be8970586c3274", size = 11050 },
]

[[package]]
name = "ty"
version = "0.0.1a6"
source = { registry = "https://pypi.org/simple" }
sdist = { url = "https://files.pythonhosted.org/packages/df/e1/51b199bc3cfa71ef26af6a7254bd2a2e70e0f7983165666a08a1ef158bf1/ty-0.0.1a6.tar.gz", hash = "sha256:0b75642d7326c7abb7fa4a9efcc3cb818d4fa4224dab1fc8fb273c8ed02f34f2", size = 2882923 }
wheels = [
    { url = "https://files.pythonhosted.org/packages/8e/ba/1fcd0f69e13c015e4e6cc1ddaeaf3b44805cf8c67a08f2863d077a563d30/ty-0.0.1a6-py3-none-linux_armv6l.whl", hash = "sha256:c048675934f51d74f05541ad231470c0093805fae06b117634fdac4c9cba456a", size = 6209597 },
    { url = "https://files.pythonhosted.org/packages/df/16/8754d24634ddfea333d1818c981b20c929f93a7ea26235622c371068f3bf/ty-0.0.1a6-py3-none-macosx_10_12_x86_64.whl", hash = "sha256:96e14bf1dae72042a6207ea94d8f34d5175cb604d196df28012444108e6b0988", size = 6320566 },
    { url = "https://files.pythonhosted.org/packages/5a/9d/3b935a7f18f088f113cc94c72caefd34616dde87d0b08a5dfa2f696b3758/ty-0.0.1a6-py3-none-macosx_11_0_arm64.whl", hash = "sha256:568b76a20b3cf4834085bd37005d6d13b4460d3fcd001313cc1993224e965029", size = 5991132 },
    { url = "https://files.pythonhosted.org/packages/bd/26/1fb0664521b35b5b4b16c9ca56363c514994f5fda8200aef28380b08814c/ty-0.0.1a6-py3-none-manylinux_2_17_aarch64.manylinux2014_aarch64.whl", hash = "sha256:9502e4e55530643225c94d62f52cb7ab7370dca57f4ab10c36aae410642a966a", size = 6116609 },
    { url = "https://files.pythonhosted.org/packages/09/7b/9cbd5c26bd0a7e32a76e94ede53c121d7f4c0fd27027df9241bec41a17b4/ty-0.0.1a6-py3-none-manylinux_2_17_armv7l.manylinux2014_armv7l.whl", hash = "sha256:2c38c47eea702de710282f4fa38e2b08a9b2dc54db88878fa01a69340e41649d", size = 6092564 },
    { url = "https://files.pythonhosted.org/packages/92/e8/80afb960fcc410406ba63b4e7faa2cd4c4ca9a39ef45824815ae1f7d69a2/ty-0.0.1a6-py3-none-manylinux_2_17_i686.manylinux2014_i686.whl", hash = "sha256:b03f759225a8b3aca23166e2193ecae9fbe9d93c03f598ce7c66d898b5b595cd", size = 6801821 },
    { url = "https://files.pythonhosted.org/packages/09/26/0bc96499e02134f13b64e3f2b94385e0ed524b9146fef2533eee5a3752ef/ty-0.0.1a6-py3-none-manylinux_2_17_ppc64.manylinux2014_ppc64.whl", hash = "sha256:e6f458a58f52af3b3b0e42555765eb03ee158007e6fd3d395c03c44aef5412b9", size = 7192366 },
    { url = "https://files.pythonhosted.org/packages/95/85/46b890e38661f3632aba362ef2030c52c5a6ae7ba85ba4206ea4a58cd223/ty-0.0.1a6-py3-none-manylinux_2_17_ppc64le.manylinux2014_ppc64le.whl", hash = "sha256:c3b5355df3185722823645e551e2c89c17dac0026814f6f7c40515cf4c036ccc", size = 6868443 },
    { url = "https://files.pythonhosted.org/packages/d6/4a/64fd394ced367ed06dedaf0ffd74c3d6bd83b56140efced5a93b097732a9/ty-0.0.1a6-py3-none-manylinux_2_17_s390x.manylinux2014_s390x.whl", hash = "sha256:7c2a29fe5c4bcee2dce927195378d39fcc5614f3d6c22283134139ce14aefb22", size = 6765955 },
    { url = "https://files.pythonhosted.org/packages/31/09/f8152ed81b62232e1806001860fec71d55ae7f7e455e662959cf15eb06c1/ty-0.0.1a6-py3-none-manylinux_2_17_x86_64.manylinux2014_x86_64.whl", hash = "sha256:f2dac891e1b066a645c85abe68885a0ea9eb52685ea6251fdc369b2cfdab10c6", size = 6583814 },
    { url = "https://files.pythonhosted.org/packages/96/b0/f21c269e5a52a5f4975c881f724221ed58b5624cf9fc77585ee7aa12bbb9/ty-0.0.1a6-py3-none-musllinux_1_2_aarch64.whl", hash = "sha256:ab9ee318c7aa2e538213a1ecb63ecb93952a62da9532f19985994aa8ed31c085", size = 6031710 },
    { url = "https://files.pythonhosted.org/packages/11/4f/fac32f1c3906add7a5ce07558d78bcdf9f65d47d92f195ef967085f7e9db/ty-0.0.1a6-py3-none-musllinux_1_2_armv7l.whl", hash = "sha256:2731917df3d16969a39279fc2e2ad431d33fa2d2dcd73784814873c4b69a1491", size = 6115148 },
    { url = "https://files.pythonhosted.org/packages/28/d5/b2630abc0e2ebe2afc0305d5ac0b37605b72b534b4fc1894b3c2cbfb71b7/ty-0.0.1a6-py3-none-musllinux_1_2_i686.whl", hash = "sha256:b9e118763be86439bf10b934f2081425f0acdd03a0448ffd9e4bf3bd79bf7c12", size = 6505866 },
    { url = "https://files.pythonhosted.org/packages/fb/8f/8050cf23e1906cfcd03be63ad05f5ca05f6a2879b6e1bcd9dc9893cac10f/ty-0.0.1a6-py3-none-musllinux_1_2_x86_64.whl", hash = "sha256:e7f89267039d76d97e6a836540b98ae6f488d41a0e87cc00fba23210cce7704c", size = 6649270 },
    { url = "https://files.pythonhosted.org/packages/1b/37/0c190a02395179dc8bcb1371ba32e5430f338fabf51b5dd8b4d4b5618c0d/ty-0.0.1a6-py3-none-win32.whl", hash = "sha256:92120c60b7a8092685cf2ba76efcb0fa0e0230299180c834e5ef7a3d856d0028", size = 5930254 },
    { url = "https://files.pythonhosted.org/packages/22/79/13f529190ee2341d031b801ec53b2c6955e90d79f8b9159307574b9b2a2d/ty-0.0.1a6-py3-none-win_amd64.whl", hash = "sha256:76914b30b7d690582c20ca340f964585a89c5dc3f18a9f231a74b317af3a0b76", size = 6392039 },
    { url = "https://files.pythonhosted.org/packages/fc/01/e0c31f37ba0c43817f4d0093396eba29ab7144e155792222e817ed2dc3bb/ty-0.0.1a6-py3-none-win_arm64.whl", hash = "sha256:e21514d0b86b84b7808dea8fbeb5395417e3d5c8ddda24ba91b5bfeb7268385b", size = 6052034 },
]

[[package]]
name = "watchdog"
version = "5.0.2"
source = { registry = "https://pypi.org/simple" }
sdist = { url = "https://files.pythonhosted.org/packages/cd/5e/95dcd86d8339fcf76385f7fad5e49cbfd989b6c6199127121c9587febc65/watchdog-5.0.2.tar.gz", hash = "sha256:dcebf7e475001d2cdeb020be630dc5b687e9acdd60d16fea6bb4508e7b94cf76", size = 127779 }
wheels = [
    { url = "https://files.pythonhosted.org/packages/ef/41/fe19a56aa8ea7e453311f2b4fd2bfb172d21bd72ef6ae0fd40c304c74edf/watchdog-5.0.2-cp312-cp312-macosx_10_9_universal2.whl", hash = "sha256:aa9cd6e24126d4afb3752a3e70fce39f92d0e1a58a236ddf6ee823ff7dba28ee", size = 96365 },
    { url = "https://files.pythonhosted.org/packages/cc/02/86d631595ec1c5678e23e9359741d2dea460be0712b41a243281b37e90ba/watchdog-5.0.2-cp312-cp312-macosx_10_9_x86_64.whl", hash = "sha256:f627c5bf5759fdd90195b0c0431f99cff4867d212a67b384442c51136a098ed7", size = 88330 },
    { url = "https://files.pythonhosted.org/packages/d8/a7/5c57f05def91ff11528f0aa0d4c23efc99fa064ec69c262fedc6c9885697/watchdog-5.0.2-cp312-cp312-macosx_11_0_arm64.whl", hash = "sha256:d7594a6d32cda2b49df3fd9abf9b37c8d2f3eab5df45c24056b4a671ac661619", size = 88935 },
    { url = "https://files.pythonhosted.org/packages/80/1a/a681c0093eea33b18a7348b398302628ab96647f59eaf06a5a047e8a1f39/watchdog-5.0.2-cp313-cp313-macosx_10_13_universal2.whl", hash = "sha256:ba32efcccfe2c58f4d01115440d1672b4eb26cdd6fc5b5818f1fb41f7c3e1889", size = 96362 },
    { url = "https://files.pythonhosted.org/packages/c4/aa/0c827bd35716d91b5a4a2a6c5ca7638d936e6055dec8ce85414383ab887f/watchdog-5.0.2-cp313-cp313-macosx_10_13_x86_64.whl", hash = "sha256:963f7c4c91e3f51c998eeff1b3fb24a52a8a34da4f956e470f4b068bb47b78ee", size = 88336 },
    { url = "https://files.pythonhosted.org/packages/6e/ba/da13d47dacc84bfab52310e74f954eb440c5cdee11ff8786228f17343a3d/watchdog-5.0.2-cp313-cp313-macosx_11_0_arm64.whl", hash = "sha256:8c47150aa12f775e22efff1eee9f0f6beee542a7aa1a985c271b1997d340184f", size = 88938 },
    { url = "https://files.pythonhosted.org/packages/5b/cb/c13dfc4714547c4a63f27a50d5d0bbda655ef06d93595c016822ff771032/watchdog-5.0.2-py3-none-manylinux2014_aarch64.whl", hash = "sha256:5597c051587f8757798216f2485e85eac583c3b343e9aa09127a3a6f82c65ee8", size = 78960 },
    { url = "https://files.pythonhosted.org/packages/cb/ed/78acaa8e95e193a46925f7beeed45c29569d0ee572216df622bb0908abf3/watchdog-5.0.2-py3-none-manylinux2014_armv7l.whl", hash = "sha256:53ed1bf71fcb8475dd0ef4912ab139c294c87b903724b6f4a8bd98e026862e6d", size = 78960 },
    { url = "https://files.pythonhosted.org/packages/2f/54/30bde6279d2f77e6c2838a89e9975038bba4adbfb029f9b8e01cf2813199/watchdog-5.0.2-py3-none-manylinux2014_i686.whl", hash = "sha256:29e4a2607bd407d9552c502d38b45a05ec26a8e40cc7e94db9bb48f861fa5abc", size = 78958 },
    { url = "https://files.pythonhosted.org/packages/f4/db/886241c6d02f165fbf633b633dc5ceddc6c145fec3704828606743ddb663/watchdog-5.0.2-py3-none-manylinux2014_ppc64.whl", hash = "sha256:b6dc8f1d770a8280997e4beae7b9a75a33b268c59e033e72c8a10990097e5fde", size = 78957 },
    { url = "https://files.pythonhosted.org/packages/a9/74/c255a2146280adcb2d1b5ccb7580e71114b253f356a6c4ea748b0eb7a7b5/watchdog-5.0.2-py3-none-manylinux2014_ppc64le.whl", hash = "sha256:d2ab34adc9bf1489452965cdb16a924e97d4452fcf88a50b21859068b50b5c3b", size = 78960 },
    { url = "https://files.pythonhosted.org/packages/8a/dc/4bdc31a35ffce526280c5a29b64b939624761f47e3fcdac34808589d0845/watchdog-5.0.2-py3-none-manylinux2014_s390x.whl", hash = "sha256:7d1aa7e4bb0f0c65a1a91ba37c10e19dabf7eaaa282c5787e51371f090748f4b", size = 78959 },
    { url = "https://files.pythonhosted.org/packages/9d/53/e71b01aa5737a21664b731de5f91c5b0721ff64d237e43efc56a99254fa1/watchdog-5.0.2-py3-none-manylinux2014_x86_64.whl", hash = "sha256:726eef8f8c634ac6584f86c9c53353a010d9f311f6c15a034f3800a7a891d941", size = 78959 },
    { url = "https://files.pythonhosted.org/packages/5d/0e/c37862900200436a554a4c411645f29887fe3fb4d4e465fbedcf1e0e383a/watchdog-5.0.2-py3-none-win32.whl", hash = "sha256:bda40c57115684d0216556671875e008279dea2dc00fcd3dde126ac8e0d7a2fb", size = 78947 },
    { url = "https://files.pythonhosted.org/packages/8f/ab/f1a3791be609e18596ce6a52c00274f1b244340b87379eb78c4df15f6b2b/watchdog-5.0.2-py3-none-win_amd64.whl", hash = "sha256:d010be060c996db725fbce7e3ef14687cdcc76f4ca0e4339a68cc4532c382a73", size = 78950 },
    { url = "https://files.pythonhosted.org/packages/53/99/f5065334d157518ec8c707aa790c93d639fac582be4f7caec5db8c6fa089/watchdog-5.0.2-py3-none-win_ia64.whl", hash = "sha256:3960136b2b619510569b90f0cd96408591d6c251a75c97690f4553ca88889769", size = 78948 },
]
